Microsoft Visual Studio Solution File, Format Version 12.00
# Visual Studio Version 17
VisualStudioVersion = 17.5.2.0
MinimumVisualStudioVersion = 10.0.40219.1
Project("{FAE04EC0-301F-11D3-BF4B-00C04F79EFBC}") = "DentalSpa.API", "backend-dotnet\DentalSpa.API.csproj", "{96AA85F9-A182-856F-019E-D8592A0EFB60}"
EndProject
Global
	GlobalSection(SolutionConfigurationPlatforms) = preSolution
		Debug|Any CPU = Debug|Any CPU
		Release|Any CPU = Release|Any CPU
	EndGlobalSection
	GlobalSection(ProjectConfigurationPlatforms) = postSolution
		{96AA85F9-A182-856F-019E-D8592A0EFB60}.Debug|Any CPU.ActiveCfg = Debug|Any CPU
		{96AA85F9-A182-856F-019E-D8592A0EFB60}.Debug|Any CPU.Build.0 = Debug|Any CPU
		{96AA85F9-A182-856F-019E-D8592A0EFB60}.Release|Any CPU.ActiveCfg = Release|Any CPU
		{96AA85F9-A182-856F-019E-D8592A0EFB60}.Release|Any CPU.Build.0 = Release|Any CPU
	EndGlobalSection
	GlobalSection(SolutionProperties) = preSolution
		HideSolutionNode = FALSE
	EndGlobalSection
	GlobalSection(ExtensibilityGlobals) = postSolution
		SolutionGuid = {A16BC04B-DDE6-472C-8162-C4E7BCA65F25}
	EndGlobalSection
EndGlobal
